// !$*UTF8*$!
{
	archiveVersion = 1;
	classes = {
	};
	objectVersion = 50;
	objects = {

/* Begin PBXBuildFile section */
		16646B70261CDC2F008C970F /* MapView.swift in Sources */ = {isa = PBXBuildFile; fileRef = 16646B6F261CDC2F008C970F /* MapView.swift */; };
		16646B72262024BF008C970F /* MapModel.swift in Sources */ = {isa = PBXBuildFile; fileRef = 16646B71262024BF008C970F /* MapModel.swift */; };
		16F167BB2619CA6E005F75CB /* AnbulanceApp.swift in Sources */ = {isa = PBXBuildFile; fileRef = 16F167BA2619CA6E005F75CB /* AnbulanceApp.swift */; };
		16F167BD2619CA6E005F75CB /* LaunchView.swift in Sources */ = {isa = PBXBuildFile; fileRef = 16F167BC2619CA6E005F75CB /* LaunchView.swift */; };
		16F167BF2619CA6F005F75CB /* Assets.xcassets in Resources */ = {isa = PBXBuildFile; fileRef = 16F167BE2619CA6F005F75CB /* Assets.xcassets */; };
		16F167C22619CA6F005F75CB /* Preview Assets.xcassets in Resources */ = {isa = PBXBuildFile; fileRef = 16F167C12619CA6F005F75CB /* Preview Assets.xcassets */; };
		16F167CD2619CA6F005F75CB /* AnbulanceTests.swift in Sources */ = {isa = PBXBuildFile; fileRef = 16F167CC2619CA6F005F75CB /* AnbulanceTests.swift */; };
		16F167D82619CA6F005F75CB /* AnbulanceUITests.swift in Sources */ = {isa = PBXBuildFile; fileRef = 16F167D72619CA6F005F75CB /* AnbulanceUITests.swift */; };
		16F167E82619DF0D005F75CB /* LoginView.swift in Sources */ = {isa = PBXBuildFile; fileRef = 16F167E72619DF0D005F75CB /* LoginView.swift */; };
		16F167EA261A09C1005F75CB /* SignUpView.swift in Sources */ = {isa = PBXBuildFile; fileRef = 16F167E9261A09C1005F75CB /* SignUpView.swift */; };
/* End PBXBuildFile section */

/* Begin PBXContainerItemProxy section */
		16F167C92619CA6F005F75CB /* PBXContainerItemProxy */ = {
			isa = PBXContainerItemProxy;
			containerPortal = 16F167AF2619CA6E005F75CB /* Project object */;
			proxyType = 1;
			remoteGlobalIDString = 16F167B62619CA6E005F75CB;
			remoteInfo = Anbulance;
		};
		16F167D42619CA6F005F75CB /* PBXContainerItemProxy */ = {
			isa = PBXContainerItemProxy;
			containerPortal = 16F167AF2619CA6E005F75CB /* Project object */;
			proxyType = 1;
			remoteGlobalIDString = 16F167B62619CA6E005F75CB;
			remoteInfo = Anbulance;
		};
/* End PBXContainerItemProxy section */

/* Begin PBXFileReference section */
		16646B6F261CDC2F008C970F /* MapView.swift */ = {isa = PBXFileReference; lastKnownFileType = sourcecode.swift; path = MapView.swift; sourceTree = "<group>"; };
		16646B71262024BF008C970F /* MapModel.swift */ = {isa = PBXFileReference; lastKnownFileType = sourcecode.swift; path = MapModel.swift; sourceTree = "<group>"; };
		16F167B72619CA6E005F75CB /* Anbulance.app */ = {isa = PBXFileReference; explicitFileType = wrapper.application; includeInIndex = 0; path = Anbulance.app; sourceTree = BUILT_PRODUCTS_DIR; };
		16F167BA2619CA6E005F75CB /* AnbulanceApp.swift */ = {isa = PBXFileReference; lastKnownFileType = sourcecode.swift; path = AnbulanceApp.swift; sourceTree = "<group>"; };
		16F167BC2619CA6E005F75CB /* LaunchView.swift */ = {isa = PBXFileReference; lastKnownFileType = sourcecode.swift; path = LaunchView.swift; sourceTree = "<group>"; };
		16F167BE2619CA6F005F75CB /* Assets.xcassets */ = {isa = PBXFileReference; lastKnownFileType = folder.assetcatalog; path = Assets.xcassets; sourceTree = "<group>"; };
		16F167C12619CA6F005F75CB /* Preview Assets.xcassets */ = {isa = PBXFileReference; lastKnownFileType = folder.assetcatalog; path = "Preview Assets.xcassets"; sourceTree = "<group>"; };
		16F167C32619CA6F005F75CB /* Info.plist */ = {isa = PBXFileReference; lastKnownFileType = text.plist.xml; path = Info.plist; sourceTree = "<group>"; };
		16F167C82619CA6F005F75CB /* AnbulanceTests.xctest */ = {isa = PBXFileReference; explicitFileType = wrapper.cfbundle; includeInIndex = 0; path = AnbulanceTests.xctest; sourceTree = BUILT_PRODUCTS_DIR; };
		16F167CC2619CA6F005F75CB /* AnbulanceTests.swift */ = {isa = PBXFileReference; lastKnownFileType = sourcecode.swift; path = AnbulanceTests.swift; sourceTree = "<group>"; };
		16F167CE2619CA6F005F75CB /* Info.plist */ = {isa = PBXFileReference; lastKnownFileType = text.plist.xml; path = Info.plist; sourceTree = "<group>"; };
		16F167D32619CA6F005F75CB /* AnbulanceUITests.xctest */ = {isa = PBXFileReference; explicitFileType = wrapper.cfbundle; includeInIndex = 0; path = AnbulanceUITests.xctest; sourceTree = BUILT_PRODUCTS_DIR; };
		16F167D72619CA6F005F75CB /* AnbulanceUITests.swift */ = {isa = PBXFileReference; lastKnownFileType = sourcecode.swift; path = AnbulanceUITests.swift; sourceTree = "<group>"; };
		16F167D92619CA6F005F75CB /* Info.plist */ = {isa = PBXFileReference; lastKnownFileType = text.plist.xml; path = Info.plist; sourceTree = "<group>"; };
		16F167E72619DF0D005F75CB /* LoginView.swift */ = {isa = PBXFileReference; lastKnownFileType = sourcecode.swift; path = LoginView.swift; sourceTree = "<group>"; };
		16F167E9261A09C1005F75CB /* SignUpView.swift */ = {isa = PBXFileReference; lastKnownFileType = sourcecode.swift; path = SignUpView.swift; sourceTree = "<group>"; };
/* End PBXFileReference section */

/* Begin PBXFrameworksBuildPhase section */
		16F167B42619CA6E005F75CB /* Frameworks */ = {
			isa = PBXFrameworksBuildPhase;
			buildActionMask = 2147483647;
			files = (
			);
			runOnlyForDeploymentPostprocessing = 0;
		};
		16F167C52619CA6F005F75CB /* Frameworks */ = {
			isa = PBXFrameworksBuildPhase;
			buildActionMask = 2147483647;
			files = (
			);
			runOnlyForDeploymentPostprocessing = 0;
		};
		16F167D02619CA6F005F75CB /* Frameworks */ = {
			isa = PBXFrameworksBuildPhase;
			buildActionMask = 2147483647;
			files = (
			);
			runOnlyForDeploymentPostprocessing = 0;
		};
/* End PBXFrameworksBuildPhase section */

/* Begin PBXGroup section */
		16F167AE2619CA6E005F75CB = {
			isa = PBXGroup;
			children = (
				16F167B92619CA6E005F75CB /* Anbulance */,
				16F167CB2619CA6F005F75CB /* AnbulanceTests */,
				16F167D62619CA6F005F75CB /* AnbulanceUITests */,
				16F167B82619CA6E005F75CB /* Products */,
			);
			sourceTree = "<group>";
		};
		16F167B82619CA6E005F75CB /* Products */ = {
			isa = PBXGroup;
			children = (
				16F167B72619CA6E005F75CB /* Anbulance.app */,
				16F167C82619CA6F005F75CB /* AnbulanceTests.xctest */,
				16F167D32619CA6F005F75CB /* AnbulanceUITests.xctest */,
			);
			name = Products;
			sourceTree = "<group>";
		};
		16F167B92619CA6E005F75CB /* Anbulance */ = {
			isa = PBXGroup;
			children = (
				16F167E62619CD0E005F75CB /* Model */,
				16F167E52619CD03005F75CB /* ViewController */,
				16F167BA2619CA6E005F75CB /* AnbulanceApp.swift */,
				16F167BE2619CA6F005F75CB /* Assets.xcassets */,
				16F167C32619CA6F005F75CB /* Info.plist */,
				16F167C02619CA6F005F75CB /* Preview Content */,
			);
			path = Anbulance;
			sourceTree = "<group>";
		};
		16F167C02619CA6F005F75CB /* Preview Content */ = {
			isa = PBXGroup;
			children = (
				16F167C12619CA6F005F75CB /* Preview Assets.xcassets */,
			);
			path = "Preview Content";
			sourceTree = "<group>";
		};
		16F167CB2619CA6F005F75CB /* AnbulanceTests */ = {
			isa = PBXGroup;
			children = (
				16F167CC2619CA6F005F75CB /* AnbulanceTests.swift */,
				16F167CE2619CA6F005F75CB /* Info.plist */,
			);
			path = AnbulanceTests;
			sourceTree = "<group>";
		};
		16F167D62619CA6F005F75CB /* AnbulanceUITests */ = {
			isa = PBXGroup;
			children = (
				16F167D72619CA6F005F75CB /* AnbulanceUITests.swift */,
				16F167D92619CA6F005F75CB /* Info.plist */,
			);
			path = AnbulanceUITests;
			sourceTree = "<group>";
		};
		16F167E52619CD03005F75CB /* ViewController */ = {
			isa = PBXGroup;
			children = (
				16F167BC2619CA6E005F75CB /* LaunchView.swift */,
				16F167E72619DF0D005F75CB /* LoginView.swift */,
				16F167E9261A09C1005F75CB /* SignUpView.swift */,
				16646B6F261CDC2F008C970F /* MapView.swift */,
			);
			path = ViewController;
			sourceTree = "<group>";
		};
		16F167E62619CD0E005F75CB /* Model */ = {
			isa = PBXGroup;
			children = (
				16646B71262024BF008C970F /* MapModel.swift */,
			);
			path = Model;
			sourceTree = "<group>";
		};
/* End PBXGroup section */

/* Begin PBXNativeTarget section */
		16F167B62619CA6E005F75CB /* Anbulance */ = {
			isa = PBXNativeTarget;
			buildConfigurationList = 16F167DC2619CA6F005F75CB /* Build configuration list for PBXNativeTarget "Anbulance" */;
			buildPhases = (
				16F167B32619CA6E005F75CB /* Sources */,
				16F167B42619CA6E005F75CB /* Frameworks */,
				16F167B52619CA6E005F75CB /* Resources */,
			);
			buildRules = (
			);
			dependencies = (
			);
			name = Anbulance;
			productName = Anbulance;
			productReference = 16F167B72619CA6E005F75CB /* Anbulance.app */;
			productType = "com.apple.product-type.application";
		};
		16F167C72619CA6F005F75CB /* AnbulanceTests */ = {
			isa = PBXNativeTarget;
			buildConfigurationList = 16F167DF2619CA6F005F75CB /* Build configuration list for PBXNativeTarget "AnbulanceTests" */;
			buildPhases = (
				16F167C42619CA6F005F75CB /* Sources */,
				16F167C52619CA6F005F75CB /* Frameworks */,
				16F167C62619CA6F005F75CB /* Resources */,
			);
			buildRules = (
			);
			dependencies = (
				16F167CA2619CA6F005F75CB /* PBXTargetDependency */,
			);
			name = AnbulanceTests;
			productName = AnbulanceTests;
			productReference = 16F167C82619CA6F005F75CB /* AnbulanceTests.xctest */;
			productType = "com.apple.product-type.bundle.unit-test";
		};
		16F167D22619CA6F005F75CB /* AnbulanceUITests */ = {
			isa = PBXNativeTarget;
			buildConfigurationList = 16F167E22619CA6F005F75CB /* Build configuration list for PBXNativeTarget "AnbulanceUITests" */;
			buildPhases = (
				16F167CF2619CA6F005F75CB /* Sources */,
				16F167D02619CA6F005F75CB /* Frameworks */,
				16F167D12619CA6F005F75CB /* Resources */,
			);
			buildRules = (
			);
			dependencies = (
				16F167D52619CA6F005F75CB /* PBXTargetDependency */,
			);
			name = AnbulanceUITests;
			productName = AnbulanceUITests;
			productReference = 16F167D32619CA6F005F75CB /* AnbulanceUITests.xctest */;
			productType = "com.apple.product-type.bundle.ui-testing";
		};
/* End PBXNativeTarget section */

/* Begin PBXProject section */
		16F167AF2619CA6E005F75CB /* Project object */ = {
			isa = PBXProject;
			attributes = {
				LastSwiftUpdateCheck = 1250;
				LastUpgradeCheck = 1250;
				TargetAttributes = {
					16F167B62619CA6E005F75CB = {
						CreatedOnToolsVersion = 12.5;
					};
					16F167C72619CA6F005F75CB = {
						CreatedOnToolsVersion = 12.5;
						TestTargetID = 16F167B62619CA6E005F75CB;
					};
					16F167D22619CA6F005F75CB = {
						CreatedOnToolsVersion = 12.5;
						TestTargetID = 16F167B62619CA6E005F75CB;
					};
				};
			};
			buildConfigurationList = 16F167B22619CA6E005F75CB /* Build configuration list for PBXProject "Anbulance" */;
			compatibilityVersion = "Xcode 9.3";
			developmentRegion = en;
			hasScannedForEncodings = 0;
			knownRegions = (
				en,
				Base,
			);
			mainGroup = 16F167AE2619CA6E005F75CB;
			productRefGroup = 16F167B82619CA6E005F75CB /* Products */;
			projectDirPath = "";
			projectRoot = "";
			targets = (
				16F167B62619CA6E005F75CB /* Anbulance */,
				16F167C72619CA6F005F75CB /* AnbulanceTests */,
				16F167D22619CA6F005F75CB /* AnbulanceUITests */,
			);
		};
/* End PBXProject section */

/* Begin PBXResourcesBuildPhase section */
		16F167B52619CA6E005F75CB /* Resources */ = {
			isa = PBXResourcesBuildPhase;
			buildActionMask = 2147483647;
			files = (
				16F167C22619CA6F005F75CB /* Preview Assets.xcassets in Resources */,
				16F167BF2619CA6F005F75CB /* Assets.xcassets in Resources */,
			);
			runOnlyForDeploymentPostprocessing = 0;
		};
		16F167C62619CA6F005F75CB /* Resources */ = {
			isa = PBXResourcesBuildPhase;
			buildActionMask = 2147483647;
			files = (
			);
			runOnlyForDeploymentPostprocessing = 0;
		};
		16F167D12619CA6F005F75CB /* Resources */ = {
			isa = PBXResourcesBuildPhase;
			buildActionMask = 2147483647;
			files = (
			);
			runOnlyForDeploymentPostprocessing = 0;
		};
/* End PBXResourcesBuildPhase section */

/* Begin PBXSourcesBuildPhase section */
		16F167B32619CA6E005F75CB /* Sources */ = {
			isa = PBXSourcesBuildPhase;
			buildActionMask = 2147483647;
			files = (
				16F167EA261A09C1005F75CB /* SignUpView.swift in Sources */,
				16F167E82619DF0D005F75CB /* LoginView.swift in Sources */,
				16646B70261CDC2F008C970F /* MapView.swift in Sources */,
				16F167BD2619CA6E005F75CB /* LaunchView.swift in Sources */,
				16646B72262024BF008C970F /* MapModel.swift in Sources */,
				16F167BB2619CA6E005F75CB /* AnbulanceApp.swift in Sources */,
			);
			runOnlyForDeploymentPostprocessing = 0;
		};
		16F167C42619CA6F005F75CB /* Sources */ = {
			isa = PBXSourcesBuildPhase;
			buildActionMask = 2147483647;
			files = (
				16F167CD2619CA6F005F75CB /* AnbulanceTests.swift in Sources */,
			);
			runOnlyForDeploymentPostprocessing = 0;
		};
		16F167CF2619CA6F005F75CB /* Sources */ = {
			isa = PBXSourcesBuildPhase;
			buildActionMask = 2147483647;
			files = (
				16F167D82619CA6F005F75CB /* AnbulanceUITests.swift in Sources */,
			);
			runOnlyForDeploymentPostprocessing = 0;
		};
/* End PBXSourcesBuildPhase section */

/* Begin PBXTargetDependency section */
		16F167CA2619CA6F005F75CB /* PBXTargetDependency */ = {
			isa = PBXTargetDependency;
			target = 16F167B62619CA6E005F75CB /* Anbulance */;
			targetProxy = 16F167C92619CA6F005F75CB /* PBXContainerItemProxy */;
		};
		16F167D52619CA6F005F75CB /* PBXTargetDependency */ = {
			isa = PBXTargetDependency;
			target = 16F167B62619CA6E005F75CB /* Anbulance */;
			targetProxy = 16F167D42619CA6F005F75CB /* PBXContainerItemProxy */;
		};
/* End PBXTargetDependency section */

/* Begin XCBuildConfiguration section */
		16F167DA2619CA6F005F75CB /* Debug */ = {
			isa = XCBuildConfiguration;
			buildSettings = {
				ALWAYS_SEARCH_USER_PATHS = NO;
				CLANG_ANALYZER_NONNULL = YES;
				CLANG_ANALYZER_NUMBER_OBJECT_CONVERSION = YES_AGGRESSIVE;
				CLANG_CXX_LANGUAGE_STANDARD = "gnu++14";
				CLANG_CXX_LIBRARY = "libc++";
				CLANG_ENABLE_MODULES = YES;
				CLANG_ENABLE_OBJC_ARC = YES;
				CLANG_ENABLE_OBJC_WEAK = YES;
				CLANG_WARN_BLOCK_CAPTURE_AUTORELEASING = YES;
				CLANG_WARN_BOOL_CONVERSION = YES;
				CLANG_WARN_COMMA = YES;
				CLANG_WARN_CONSTANT_CONVERSION = YES;
				CLANG_WARN_DEPRECATED_OBJC_IMPLEMENTATIONS = YES;
				CLANG_WARN_DIRECT_OBJC_ISA_USAGE = YES_ERROR;
				CLANG_WARN_DOCUMENTATION_COMMENTS = YES;
				CLANG_WARN_EMPTY_BODY = YES;
				CLANG_WARN_ENUM_CONVERSION = YES;
				CLANG_WARN_INFINITE_RECURSION = YES;
				CLANG_WARN_INT_CONVERSION = YES;
				CLANG_WARN_NON_LITERAL_NULL_CONVERSION = YES;
				CLANG_WARN_OBJC_IMPLICIT_RETAIN_SELF = YES;
				CLANG_WARN_OBJC_LITERAL_CONVERSION = YES;
				CLANG_WARN_OBJC_ROOT_CLASS = YES_ERROR;
				CLANG_WARN_QUOTED_INCLUDE_IN_FRAMEWORK_HEADER = YES;
				CLANG_WARN_RANGE_LOOP_ANALYSIS = YES;
				CLANG_WARN_STRICT_PROTOTYPES = YES;
				CLANG_WARN_SUSPICIOUS_MOVE = YES;
				CLANG_WARN_UNGUARDED_AVAILABILITY = YES_AGGRESSIVE;
				CLANG_WARN_UNREACHABLE_CODE = YES;
				CLANG_WARN__DUPLICATE_METHOD_MATCH = YES;
				COPY_PHASE_STRIP = NO;
				DEBUG_INFORMATION_FORMAT = dwarf;
				ENABLE_STRICT_OBJC_MSGSEND = YES;
				ENABLE_TESTABILITY = YES;
				GCC_C_LANGUAGE_STANDARD = gnu11;
				GCC_DYNAMIC_NO_PIC = NO;
				GCC_NO_COMMON_BLOCKS = YES;
				GCC_OPTIMIZATION_LEVEL = 0;
				GCC_PREPROCESSOR_DEFINITIONS = (
					"DEBUG=1",
					"$(inherited)",
				);
				GCC_WARN_64_TO_32_BIT_CONVERSION = YES;
				GCC_WARN_ABOUT_RETURN_TYPE = YES_ERROR;
				GCC_WARN_UNDECLARED_SELECTOR = YES;
				GCC_WARN_UNINITIALIZED_AUTOS = YES_AGGRESSIVE;
				GCC_WARN_UNUSED_FUNCTION = YES;
				GCC_WARN_UNUSED_VARIABLE = YES;
				IPHONEOS_DEPLOYMENT_TARGET = 14.5;
				MTL_ENABLE_DEBUG_INFO = INCLUDE_SOURCE;
				MTL_FAST_MATH = YES;
				ONLY_ACTIVE_ARCH = YES;
				SDKROOT = iphoneos;
				SWIFT_ACTIVE_COMPILATION_CONDITIONS = DEBUG;
				SWIFT_OPTIMIZATION_LEVEL = "-Onone";
			};
			name = Debug;
		};
		16F167DB2619CA6F005F75CB /* Release */ = {
			isa = XCBuildConfiguration;
			buildSettings = {
				ALWAYS_SEARCH_USER_PATHS = NO;
				CLANG_ANALYZER_NONNULL = YES;
				CLANG_ANALYZER_NUMBER_OBJECT_CONVERSION = YES_AGGRESSIVE;
				CLANG_CXX_LANGUAGE_STANDARD = "gnu++14";
				CLANG_CXX_LIBRARY = "libc++";
				CLANG_ENABLE_MODULES = YES;
				CLANG_ENABLE_OBJC_ARC = YES;
				CLANG_ENABLE_OBJC_WEAK = YES;
				CLANG_WARN_BLOCK_CAPTURE_AUTORELEASING = YES;
				CLANG_WARN_BOOL_CONVERSION = YES;
				CLANG_WARN_COMMA = YES;
				CLANG_WARN_CONSTANT_CONVERSION = YES;
				CLANG_WARN_DEPRECATED_OBJC_IMPLEMENTATIONS = YES;
				CLANG_WARN_DIRECT_OBJC_ISA_USAGE = YES_ERROR;
				CLANG_WARN_DOCUMENTATION_COMMENTS = YES;
				CLANG_WARN_EMPTY_BODY = YES;
				CLANG_WARN_ENUM_CONVERSION = YES;
				CLANG_WARN_INFINITE_RECURSION = YES;
				CLANG_WARN_INT_CONVERSION = YES;
				CLANG_WARN_NON_LITERAL_NULL_CONVERSION = YES;
				CLANG_WARN_OBJC_IMPLICIT_RETAIN_SELF = YES;
				CLANG_WARN_OBJC_LITERAL_CONVERSION = YES;
				CLANG_WARN_OBJC_ROOT_CLASS = YES_ERROR;
				CLANG_WARN_QUOTED_INCLUDE_IN_FRAMEWORK_HEADER = YES;
				CLANG_WARN_RANGE_LOOP_ANALYSIS = YES;
				CLANG_WARN_STRICT_PROTOTYPES = YES;
				CLANG_WARN_SUSPICIOUS_MOVE = YES;
				CLANG_WARN_UNGUARDED_AVAILABILITY = YES_AGGRESSIVE;
				CLANG_WARN_UNREACHABLE_CODE = YES;
				CLANG_WARN__DUPLICATE_METHOD_MATCH = YES;
				COPY_PHASE_STRIP = NO;
				DEBUG_INFORMATION_FORMAT = "dwarf-with-dsym";
				ENABLE_NS_ASSERTIONS = NO;
				ENABLE_STRICT_OBJC_MSGSEND = YES;
				GCC_C_LANGUAGE_STANDARD = gnu11;
				GCC_NO_COMMON_BLOCKS = YES;
				GCC_WARN_64_TO_32_BIT_CONVERSION = YES;
				GCC_WARN_ABOUT_RETURN_TYPE = YES_ERROR;
				GCC_WARN_UNDECLARED_SELECTOR = YES;
				GCC_WARN_UNINITIALIZED_AUTOS = YES_AGGRESSIVE;
				GCC_WARN_UNUSED_FUNCTION = YES;
				GCC_WARN_UNUSED_VARIABLE = YES;
				IPHONEOS_DEPLOYMENT_TARGET = 14.5;
				MTL_ENABLE_DEBUG_INFO = NO;
				MTL_FAST_MATH = YES;
				SDKROOT = iphoneos;
				SWIFT_COMPILATION_MODE = wholemodule;
				SWIFT_OPTIMIZATION_LEVEL = "-O";
				VALIDATE_PRODUCT = YES;
			};
			name = Release;
		};
		16F167DD2619CA6F005F75CB /* Debug */ = {
			isa = XCBuildConfiguration;
			buildSettings = {
				ASSETCATALOG_COMPILER_APPICON_NAME = AppIcon;
				ASSETCATALOG_COMPILER_GLOBAL_ACCENT_COLOR_NAME = AccentColor;
				CODE_SIGN_STYLE = Automatic;
				DEVELOPMENT_ASSET_PATHS = "\"Anbulance/Preview Content\"";
				DEVELOPMENT_TEAM = 7NN4GA72T6;
				ENABLE_PREVIEWS = YES;
				INFOPLIST_FILE = Anbulance/Info.plist;
				IPHONEOS_DEPLOYMENT_TARGET = 14.0;
				LD_RUNPATH_SEARCH_PATHS = (
					"$(inherited)",
					"@executable_path/Frameworks",
				);
				PRODUCT_BUNDLE_IDENTIFIER = com.selenyanar.Anbulance;
				PRODUCT_NAME = "$(TARGET_NAME)";
				SWIFT_VERSION = 5.0;
				TARGETED_DEVICE_FAMILY = 1;
			};
			name = Debug;
		};
		16F167DE2619CA6F005F75CB /* Release */ = {
			isa = XCBuildConfiguration;
			buildSettings = {
				ASSETCATALOG_COMPILER_APPICON_NAME = AppIcon;
				ASSETCATALOG_COMPILER_GLOBAL_ACCENT_COLOR_NAME = AccentColor;
				CODE_SIGN_STYLE = Automatic;
				DEVELOPMENT_ASSET_PATHS = "\"Anbulance/Preview Content\"";
				DEVELOPMENT_TEAM = 7NN4GA72T6;
				ENABLE_PREVIEWS = YES;
				INFOPLIST_FILE = Anbulance/Info.plist;
				IPHONEOS_DEPLOYMENT_TARGET = 14.0;
				LD_RUNPATH_SEARCH_PATHS = (
					"$(inherited)",
					"@executable_path/Frameworks",
				);
				PRODUCT_BUNDLE_IDENTIFIER = com.selenyanar.Anbulance;
				PRODUCT_NAME = "$(TARGET_NAME)";
				SWIFT_VERSION = 5.0;
				TARGETED_DEVICE_FAMILY = 1;
			};
			name = Release;
		};
		16F167E02619CA6F005F75CB /* Debug */ = {
			isa = XCBuildConfiguration;
			buildSettings = {
				ALWAYS_EMBED_SWIFT_STANDARD_LIBRARIES = YES;
				BUNDLE_LOADER = "$(TEST_HOST)";
				CODE_SIGN_STYLE = Automatic;
				DEVELOPMENT_TEAM = 7NN4GA72T6;
				INFOPLIST_FILE = AnbulanceTests/Info.plist;
				IPHONEOS_DEPLOYMENT_TARGET = 14.0;
				LD_RUNPATH_SEARCH_PATHS = (
					"$(inherited)",
					"@executable_path/Frameworks",
					"@loader_path/Frameworks",
				);
				PRODUCT_BUNDLE_IDENTIFIER = com.selenyanar.AnbulanceTests;
				PRODUCT_NAME = "$(TARGET_NAME)";
				SWIFT_VERSION = 5.0;
				TARGETED_DEVICE_FAMILY = "1,2";
				TEST_HOST = "$(BUILT_PRODUCTS_DIR)/Anbulance.app/Anbulance";
			};
			name = Debug;
		};
		16F167E12619CA6F005F75CB /* Release */ = {
			isa = XCBuildConfiguration;
			buildSettings = {
				ALWAYS_EMBED_SWIFT_STANDARD_LIBRARIES = YES;
				BUNDLE_LOADER = "$(TEST_HOST)";
				CODE_SIGN_STYLE = Automatic;
				DEVELOPMENT_TEAM = 7NN4GA72T6;
				INFOPLIST_FILE = AnbulanceTests/Info.plist;
				IPHONEOS_DEPLOYMENT_TARGET = 14.0;
				LD_RUNPATH_SEARCH_PATHS = (
					"$(inherited)",
					"@executable_path/Frameworks",
					"@loader_path/Frameworks",
				);
				PRODUCT_BUNDLE_IDENTIFIER = com.selenyanar.AnbulanceTests;
				PRODUCT_NAME = "$(TARGET_NAME)";
				SWIFT_VERSION = 5.0;
				TARGETED_DEVICE_FAMILY = "1,2";
				TEST_HOST = "$(BUILT_PRODUCTS_DIR)/Anbulance.app/Anbulance";
			};
			name = Release;
		};
		16F167E32619CA6F005F75CB /* Debug */ = {
			isa = XCBuildConfiguration;
			buildSettings = {
				ALWAYS_EMBED_SWIFT_STANDARD_LIBRARIES = YES;
				CODE_SIGN_STYLE = Automatic;
				DEVELOPMENT_TEAM = 7NN4GA72T6;
				INFOPLIST_FILE = AnbulanceUITests/Info.plist;
				LD_RUNPATH_SEARCH_PATHS = (
					"$(inherited)",
					"@executable_path/Frameworks",
					"@loader_path/Frameworks",
				);
				PRODUCT_BUNDLE_IDENTIFIER = com.selenyanar.AnbulanceUITests;
				PRODUCT_NAME = "$(TARGET_NAME)";
				SWIFT_VERSION = 5.0;
				TARGETED_DEVICE_FAMILY = "1,2";
				TEST_TARGET_NAME = Anbulance;
			};
			name = Debug;
		};
		16F167E42619CA6F005F75CB /* Release */ = {
			isa = XCBuildConfiguration;
			buildSettings = {
				ALWAYS_EMBED_SWIFT_STANDARD_LIBRARIES = YES;
				CODE_SIGN_STYLE = Automatic;
				DEVELOPMENT_TEAM = 7NN4GA72T6;
				INFOPLIST_FILE = AnbulanceUITests/Info.plist;
				LD_RUNPATH_SEARCH_PATHS = (
					"$(inherited)",
					"@executable_path/Frameworks",
					"@loader_path/Frameworks",
				);
				PRODUCT_BUNDLE_IDENTIFIER = com.selenyanar.AnbulanceUITests;
				PRODUCT_NAME = "$(TARGET_NAME)";
				SWIFT_VERSION = 5.0;
				TARGETED_DEVICE_FAMILY = "1,2";
				TEST_TARGET_NAME = Anbulance;
			};
			name = Release;
		};
/* End XCBuildConfiguration section */

/* Begin XCConfigurationList section */
		16F167B22619CA6E005F75CB /* Build configuration list for PBXProject "Anbulance" */ = {
			isa = XCConfigurationList;
			buildConfigurations = (
				16F167DA2619CA6F005F75CB /* Debug */,
				16F167DB2619CA6F005F75CB /* Release */,
			);
			defaultConfigurationIsVisible = 0;
			defaultConfigurationName = Release;
		};
		16F167DC2619CA6F005F75CB /* Build configuration list for PBXNativeTarget "Anbulance" */ = {
			isa = XCConfigurationList;
			buildConfigurations = (
				16F167DD2619CA6F005F75CB /* Debug */,
				16F167DE2619CA6F005F75CB /* Release */,
			);
			defaultConfigurationIsVisible = 0;
			defaultConfigurationName = Release;
		};
		16F167DF2619CA6F005F75CB /* Build configuration list for PBXNativeTarget "AnbulanceTests" */ = {
			isa = XCConfigurationList;
			buildConfigurations = (
				16F167E02619CA6F005F75CB /* Debug */,
				16F167E12619CA6F005F75CB /* Release */,
			);
			defaultConfigurationIsVisible = 0;
			defaultConfigurationName = Release;
		};
		16F167E22619CA6F005F75CB /* Build configuration list for PBXNativeTarget "AnbulanceUITests" */ = {
			isa = XCConfigurationList;
			buildConfigurations = (
				16F167E32619CA6F005F75CB /* Debug */,
				16F167E42619CA6F005F75CB /* Release */,
			);
			defaultConfigurationIsVisible = 0;
			defaultConfigurationName = Release;
		};
/* End XCConfigurationList section */
	};
	rootObject = 16F167AF2619CA6E005F75CB /* Project object */;
}
